
Microsoft Visual Studio Solution File, Format Version 12.00
# Visual Studio Version 16
VisualStudioVersion = 16.0.30907.101
MinimumVisualStudioVersion = 10.0.40219.1
Project("{FAE04EC0-301F-11D3-BF4B-00C04F79EFBC}") = "Sistema_bancario", "Sistema_bancario\Sistema_bancario.csproj", "{00FEF838-E3F8-4097-9EF0-678A71AC1DE2}"
EndProject
Global
	GlobalSection(SolutionConfigurationPlatforms) = preSolution
		Debug|Any CPU = Debug|Any CPU
		Release|Any CPU = Release|Any CPU
	EndGlobalSection
	GlobalSection(ProjectConfigurationPlatforms) = postSolution
		{00FEF838-E3F8-4097-9EF0-678A71AC1DE2}.Debug|Any CPU.ActiveCfg = Debug|Any CPU
		{00FEF838-E3F8-4097-9EF0-678A71AC1DE2}.Debug|Any CPU.Build.0 = Debug|Any CPU
		{00FEF838-E3F8-4097-9EF0-678A71AC1DE2}.Release|Any CPU.ActiveCfg = Release|Any CPU
		{00FEF838-E3F8-4097-9EF0-678A71AC1DE2}.Release|Any CPU.Build.0 = Release|Any CPU
	EndGlobalSection
	GlobalSection(SolutionProperties) = preSolution
		HideSolutionNode = FALSE
	EndGlobalSection
	GlobalSection(ExtensibilityGlobals) = postSolution
		SolutionGuid = {D1F18253-E3D0-4F0D-8C1A-58497741C322}
	EndGlobalSection
EndGlobal
